
Microsoft Visual Studio Solution File, Format Version 12.00
# Visual Studio 15
Project("{FAE04EC0-301F-11D3-BF4B-00C04F79EFBC}") = "Assembly-CSharp", "Assembly-CSharp.csproj", "{277871EA-9CA0-E1EA-125B-C0C6D30175D5}"
EndProject
Project("{FAE04EC0-301F-11D3-BF4B-00C04F79EFBC}") = "Assembly-CSharp-Editor", "Assembly-CSharp-Editor.csproj", "{827B2DC1-960D-9D04-981E-9CEC5A477483}"
EndProject
Global
	GlobalSection(SolutionConfigurationPlatforms) = preSolution
		Debug|Any CPU = Debug|Any CPU
		Release|Any CPU = Release|Any CPU
	EndGlobalSection
	GlobalSection(ProjectConfigurationPlatforms) = postSolution
		{277871EA-9CA0-E1EA-125B-C0C6D30175D5}.Debug|Any CPU.ActiveCfg = Debug|Any CPU
		{277871EA-9CA0-E1EA-125B-C0C6D30175D5}.Debug|Any CPU.Build.0 = Debug|Any CPU
		{277871EA-9CA0-E1EA-125B-C0C6D30175D5}.Release|Any CPU.ActiveCfg = Release|Any CPU
		{277871EA-9CA0-E1EA-125B-C0C6D30175D5}.Release|Any CPU.Build.0 = Release|Any CPU
		{827B2DC1-960D-9D04-981E-9CEC5A477483}.Debug|Any CPU.ActiveCfg = Debug|Any CPU
		{827B2DC1-960D-9D04-981E-9CEC5A477483}.Debug|Any CPU.Build.0 = Debug|Any CPU
		{827B2DC1-960D-9D04-981E-9CEC5A477483}.Release|Any CPU.ActiveCfg = Release|Any CPU
		{827B2DC1-960D-9D04-981E-9CEC5A477483}.Release|Any CPU.Build.0 = Release|Any CPU
	EndGlobalSection
	GlobalSection(SolutionProperties) = preSolution
		HideSolutionNode = FALSE
	EndGlobalSection
EndGlobal
